
Microsoft Visual Studio Solution File, Format Version 12.00
# Visual Studio 15
VisualStudioVersion = 15.0.28010.2003
MinimumVisualStudioVersion = 10.0.40219.1
Project("{262852C6-CD72-467D-83FE-5EEB1973A190}") = "WeatherApp", "WeatherApp\WeatherApp.jsproj", "{F94C8A9E-72E7-4399-97C5-24D09920A708}"
EndProject
Global
	GlobalSection(SolutionConfigurationPlatforms) = preSolution
		Debug|Android = Debug|Android
		Debug|iOS = Debug|iOS
		Debug|Windows-ARM = Debug|Windows-ARM
		Debug|Windows-x64 = Debug|Windows-x64
		Debug|Windows-x86 = Debug|Windows-x86
		Release|Android = Release|Android
		Release|iOS = Release|iOS
		Release|Windows-ARM = Release|Windows-ARM
		Release|Windows-x64 = Release|Windows-x64
		Release|Windows-x86 = Release|Windows-x86
	EndGlobalSection
	GlobalSection(ProjectConfigurationPlatforms) = postSolution
		{F94C8A9E-72E7-4399-97C5-24D09920A708}.Debug|Android.ActiveCfg = Debug|Android
		{F94C8A9E-72E7-4399-97C5-24D09920A708}.Debug|Android.Build.0 = Debug|Android
		{F94C8A9E-72E7-4399-97C5-24D09920A708}.Debug|Android.Deploy.0 = Debug|Android
		{F94C8A9E-72E7-4399-97C5-24D09920A708}.Debug|iOS.ActiveCfg = Debug|iOS
		{F94C8A9E-72E7-4399-97C5-24D09920A708}.Debug|iOS.Build.0 = Debug|iOS
		{F94C8A9E-72E7-4399-97C5-24D09920A708}.Debug|iOS.Deploy.0 = Debug|iOS
		{F94C8A9E-72E7-4399-97C5-24D09920A708}.Debug|Windows-ARM.ActiveCfg = Debug|Windows-ARM
		{F94C8A9E-72E7-4399-97C5-24D09920A708}.Debug|Windows-ARM.Build.0 = Debug|Windows-ARM
		{F94C8A9E-72E7-4399-97C5-24D09920A708}.Debug|Windows-ARM.Deploy.0 = Debug|Windows-ARM
		{F94C8A9E-72E7-4399-97C5-24D09920A708}.Debug|Windows-x64.ActiveCfg = Debug|Windows-x64
		{F94C8A9E-72E7-4399-97C5-24D09920A708}.Debug|Windows-x64.Build.0 = Debug|Windows-x64
		{F94C8A9E-72E7-4399-97C5-24D09920A708}.Debug|Windows-x64.Deploy.0 = Debug|Windows-x64
		{F94C8A9E-72E7-4399-97C5-24D09920A708}.Debug|Windows-x86.ActiveCfg = Debug|Windows-x86
		{F94C8A9E-72E7-4399-97C5-24D09920A708}.Debug|Windows-x86.Build.0 = Debug|Windows-x86
		{F94C8A9E-72E7-4399-97C5-24D09920A708}.Debug|Windows-x86.Deploy.0 = Debug|Windows-x86
		{F94C8A9E-72E7-4399-97C5-24D09920A708}.Release|Android.ActiveCfg = Release|Android
		{F94C8A9E-72E7-4399-97C5-24D09920A708}.Release|Android.Build.0 = Release|Android
		{F94C8A9E-72E7-4399-97C5-24D09920A708}.Release|Android.Deploy.0 = Release|Android
		{F94C8A9E-72E7-4399-97C5-24D09920A708}.Release|iOS.ActiveCfg = Release|iOS
		{F94C8A9E-72E7-4399-97C5-24D09920A708}.Release|iOS.Build.0 = Release|iOS
		{F94C8A9E-72E7-4399-97C5-24D09920A708}.Release|iOS.Deploy.0 = Release|iOS
		{F94C8A9E-72E7-4399-97C5-24D09920A708}.Release|Windows-ARM.ActiveCfg = Release|Windows-ARM
		{F94C8A9E-72E7-4399-97C5-24D09920A708}.Release|Windows-ARM.Build.0 = Release|Windows-ARM
		{F94C8A9E-72E7-4399-97C5-24D09920A708}.Release|Windows-ARM.Deploy.0 = Release|Windows-ARM
		{F94C8A9E-72E7-4399-97C5-24D09920A708}.Release|Windows-x64.ActiveCfg = Release|Windows-x64
		{F94C8A9E-72E7-4399-97C5-24D09920A708}.Release|Windows-x64.Build.0 = Release|Windows-x64
		{F94C8A9E-72E7-4399-97C5-24D09920A708}.Release|Windows-x64.Deploy.0 = Release|Windows-x64
		{F94C8A9E-72E7-4399-97C5-24D09920A708}.Release|Windows-x86.ActiveCfg = Release|Windows-x86
		{F94C8A9E-72E7-4399-97C5-24D09920A708}.Release|Windows-x86.Build.0 = Release|Windows-x86
		{F94C8A9E-72E7-4399-97C5-24D09920A708}.Release|Windows-x86.Deploy.0 = Release|Windows-x86
	EndGlobalSection
	GlobalSection(SolutionProperties) = preSolution
		HideSolutionNode = FALSE
	EndGlobalSection
	GlobalSection(ExtensibilityGlobals) = postSolution
		SolutionGuid = {A6D88E44-DD9F-42ED-B493-6DB22DCC4167}
	EndGlobalSection
EndGlobal
